
Microsoft Visual Studio Solution File, Format Version 12.00
# Visual Studio Version 17
VisualStudioVersion = 17.3.32922.545
MinimumVisualStudioVersion = 10.0.40219.1
Project("{FAE04EC0-301F-11D3-BF4B-00C04F79EFBC}") = "Rad3012223.ClubData.ClassLibrary.Week5", "Rad3012223.ClubData.ClassLibrary.Week5\Rad3012223.ClubData.ClassLibrary.Week5.csproj", "{1D24839F-5CAC-4E1A-A2E7-D77E84582FF2}"
EndProject
Project("{FAE04EC0-301F-11D3-BF4B-00C04F79EFBC}") = "Rad3012223.MVC.Week5", "Rad3012223.MVC.Week5\Rad3012223.MVC.Week5.csproj", "{434F024A-C82D-40B9-A8B6-BB9A58C11190}"
EndProject
Global
	GlobalSection(SolutionConfigurationPlatforms) = preSolution
		Debug|Any CPU = Debug|Any CPU
		Release|Any CPU = Release|Any CPU
	EndGlobalSection
	GlobalSection(ProjectConfigurationPlatforms) = postSolution
		{1D24839F-5CAC-4E1A-A2E7-D77E84582FF2}.Debug|Any CPU.ActiveCfg = Debug|Any CPU
		{1D24839F-5CAC-4E1A-A2E7-D77E84582FF2}.Debug|Any CPU.Build.0 = Debug|Any CPU
		{1D24839F-5CAC-4E1A-A2E7-D77E84582FF2}.Release|Any CPU.ActiveCfg = Release|Any CPU
		{1D24839F-5CAC-4E1A-A2E7-D77E84582FF2}.Release|Any CPU.Build.0 = Release|Any CPU
		{434F024A-C82D-40B9-A8B6-BB9A58C11190}.Debug|Any CPU.ActiveCfg = Debug|Any CPU
		{434F024A-C82D-40B9-A8B6-BB9A58C11190}.Debug|Any CPU.Build.0 = Debug|Any CPU
		{434F024A-C82D-40B9-A8B6-BB9A58C11190}.Release|Any CPU.ActiveCfg = Release|Any CPU
		{434F024A-C82D-40B9-A8B6-BB9A58C11190}.Release|Any CPU.Build.0 = Release|Any CPU
	EndGlobalSection
	GlobalSection(SolutionProperties) = preSolution
		HideSolutionNode = FALSE
	EndGlobalSection
	GlobalSection(ExtensibilityGlobals) = postSolution
		SolutionGuid = {40B76E6F-61FE-4D3E-891F-08BBB682EF44}
	EndGlobalSection
EndGlobal
